
Microsoft Visual Studio Solution File, Format Version 12.00
# Visual Studio Version 17
VisualStudioVersion = 17.7.34024.191
MinimumVisualStudioVersion = 10.0.40219.1
Project("{FAE04EC0-301F-11D3-BF4B-00C04F79EFBC}") = "northwind.EFCore", "northwind.EFCore\northwind.EFCore.csproj", "{57073D7E-7651-46D2-8BFE-70A141349A16}"
EndProject
Global
	GlobalSection(SolutionConfigurationPlatforms) = preSolution
		Debug|Any CPU = Debug|Any CPU
		Release|Any CPU = Release|Any CPU
	EndGlobalSection
	GlobalSection(ProjectConfigurationPlatforms) = postSolution
		{57073D7E-7651-46D2-8BFE-70A141349A16}.Debug|Any CPU.ActiveCfg = Debug|Any CPU
		{57073D7E-7651-46D2-8BFE-70A141349A16}.Debug|Any CPU.Build.0 = Debug|Any CPU
		{57073D7E-7651-46D2-8BFE-70A141349A16}.Release|Any CPU.ActiveCfg = Release|Any CPU
		{57073D7E-7651-46D2-8BFE-70A141349A16}.Release|Any CPU.Build.0 = Release|Any CPU
	EndGlobalSection
	GlobalSection(SolutionProperties) = preSolution
		HideSolutionNode = FALSE
	EndGlobalSection
	GlobalSection(ExtensibilityGlobals) = postSolution
		SolutionGuid = {FCAFA723-ACAD-46B4-9C07-6798DCA0DEB0}
	EndGlobalSection
EndGlobal
